
Microsoft Visual Studio Solution File, Format Version 12.00
# Visual Studio Version 17
VisualStudioVersion = 17.7.34031.279
MinimumVisualStudioVersion = 10.0.40219.1
Project("{FAE04EC0-301F-11D3-BF4B-00C04F79EFBC}") = "ExercicioArray", "ExercicioArray.csproj", "{C12F4EFE-C90A-4E36-BFD8-3A592414254D}"
EndProject
Global
	GlobalSection(SolutionConfigurationPlatforms) = preSolution
		Debug|Any CPU = Debug|Any CPU
		Release|Any CPU = Release|Any CPU
	EndGlobalSection
	GlobalSection(ProjectConfigurationPlatforms) = postSolution
		{C12F4EFE-C90A-4E36-BFD8-3A592414254D}.Debug|Any CPU.ActiveCfg = Debug|Any CPU
		{C12F4EFE-C90A-4E36-BFD8-3A592414254D}.Debug|Any CPU.Build.0 = Debug|Any CPU
		{C12F4EFE-C90A-4E36-BFD8-3A592414254D}.Release|Any CPU.ActiveCfg = Release|Any CPU
		{C12F4EFE-C90A-4E36-BFD8-3A592414254D}.Release|Any CPU.Build.0 = Release|Any CPU
	EndGlobalSection
	GlobalSection(SolutionProperties) = preSolution
		HideSolutionNode = FALSE
	EndGlobalSection
	GlobalSection(ExtensibilityGlobals) = postSolution
		SolutionGuid = {E7FBB910-81F0-43F9-BD3D-BE5873675482}
	EndGlobalSection
EndGlobal
