
Microsoft Visual Studio Solution File, Format Version 12.00
# Visual Studio Version 16
VisualStudioVersion = 16.0.34301.259
MinimumVisualStudioVersion = 10.0.40219.1
Project("{FAE04EC0-301F-11D3-BF4B-00C04F79EFBC}") = "Course", "Course.csproj", "{F5F49534-444D-4DD2-8C4A-F4B541F08158}"
EndProject
Global
	GlobalSection(SolutionConfigurationPlatforms) = preSolution
		Debug|Any CPU = Debug|Any CPU
		Release|Any CPU = Release|Any CPU
	EndGlobalSection
	GlobalSection(ProjectConfigurationPlatforms) = postSolution
		{F5F49534-444D-4DD2-8C4A-F4B541F08158}.Debug|Any CPU.ActiveCfg = Debug|Any CPU
		{F5F49534-444D-4DD2-8C4A-F4B541F08158}.Debug|Any CPU.Build.0 = Debug|Any CPU
		{F5F49534-444D-4DD2-8C4A-F4B541F08158}.Release|Any CPU.ActiveCfg = Release|Any CPU
		{F5F49534-444D-4DD2-8C4A-F4B541F08158}.Release|Any CPU.Build.0 = Release|Any CPU
	EndGlobalSection
	GlobalSection(SolutionProperties) = preSolution
		HideSolutionNode = FALSE
	EndGlobalSection
	GlobalSection(ExtensibilityGlobals) = postSolution
		SolutionGuid = {B7A6238E-0A28-49A1-84FD-4350F9FA0330}
	EndGlobalSection
EndGlobal
